Microsoft Visual Studio Solution File, Format Version 12.00
# Visual Studio 15
VisualStudioVersion = 15.0.27130.2020
MinimumVisualStudioVersion = 10.0.40219.1
Project("{FAE04EC0-301F-11D3-BF4B-00C04F79EFBC}") = "Craftico", "Craftico\Craftico.csproj", "{39678105-8AB1-4F69-BDC4-57F6841B4E9E}"
EndProject
Project("{FAE04EC0-301F-11D3-BF4B-00C04F79EFBC}") = "Craftico.Data", "Craftico.Data\Craftico.Data.csproj", "{696F808C-8C5A-41B0-997C-B5230917FCA7}"
EndProject
Project("{FAE04EC0-301F-11D3-BF4B-00C04F79EFBC}") = "Craftico.DataAccess", "Craftico.DataAccess\Craftico.DataAccess.csproj", "{D6D3C0EC-2F56-4259-906D-84B851C31569}"
EndProject
Project("{FAE04EC0-301F-11D3-BF4B-00C04F79EFBC}") = "Craftico.GameLogic", "Craftico.GameLogic\Craftico.GameLogic.csproj", "{79831B96-98A0-4528-85AC-148594ABEE4F}"
EndProject
Project("{FAE04EC0-301F-11D3-BF4B-00C04F79EFBC}") = "Craftico.Gui", "Craftico.Gui\Craftico.Gui.csproj", "{54436DAD-8A4C-4A1D-BD67-449CA0289A8B}"
EndProject
Project("{FAE04EC0-301F-11D3-BF4B-00C04F79EFBC}") = "Craftico.Models", "Craftico.Models\Craftico.Models.csproj", "{220F59ED-BA60-4495-A4FE-7816A672D22E}"
EndProject
Project("{FAE04EC0-301F-11D3-BF4B-00C04F79EFBC}") = "Craftico.Settings", "Craftico.Settings\Craftico.Settings.csproj", "{4D178371-4DF9-47DD-93C5-8B84486DEAA6}"
EndProject
Global
	GlobalSection(SolutionConfigurationPlatforms) = preSolution
		Debug|Any CPU = Debug|Any CPU
		Debug|x86 = Debug|x86
		Release|Any CPU = Release|Any CPU
		Release|x86 = Release|x86
	EndGlobalSection
	GlobalSection(ProjectConfigurationPlatforms) = postSolution
		{39678105-8AB1-4F69-BDC4-57F6841B4E9E}.Debug|Any CPU.ActiveCfg = Debug|x86
		{39678105-8AB1-4F69-BDC4-57F6841B4E9E}.Debug|x86.ActiveCfg = Debug|x86
		{39678105-8AB1-4F69-BDC4-57F6841B4E9E}.Debug|x86.Build.0 = Debug|x86
		{39678105-8AB1-4F69-BDC4-57F6841B4E9E}.Release|Any CPU.ActiveCfg = Release|x86
		{39678105-8AB1-4F69-BDC4-57F6841B4E9E}.Release|x86.ActiveCfg = Release|x86
		{39678105-8AB1-4F69-BDC4-57F6841B4E9E}.Release|x86.Build.0 = Release|x86
		{39678105-8AB1-4F69-BDC4-57F6841B4E9E}.Debug|Any CPU.Build.0 = Debug|x86
		{696F808C-8C5A-41B0-997C-B5230917FCA7}.Debug|Any CPU.ActiveCfg = Debug|x86
		{696F808C-8C5A-41B0-997C-B5230917FCA7}.Debug|x86.ActiveCfg = Debug|x86
		{696F808C-8C5A-41B0-997C-B5230917FCA7}.Debug|x86.Build.0 = Debug|x86
		{696F808C-8C5A-41B0-997C-B5230917FCA7}.Release|Any CPU.ActiveCfg = Release|x86
		{696F808C-8C5A-41B0-997C-B5230917FCA7}.Release|x86.ActiveCfg = Release|x86
		{696F808C-8C5A-41B0-997C-B5230917FCA7}.Release|x86.Build.0 = Release|x86
		{696F808C-8C5A-41B0-997C-B5230917FCA7}.Debug|Any CPU.Build.0 = Debug|x86
		{D6D3C0EC-2F56-4259-906D-84B851C31569}.Debug|Any CPU.ActiveCfg = Debug|Any CPU
		{D6D3C0EC-2F56-4259-906D-84B851C31569}.Debug|Any CPU.Build.0 = Debug|Any CPU
		{D6D3C0EC-2F56-4259-906D-84B851C31569}.Debug|x86.ActiveCfg = Debug|Any CPU
		{D6D3C0EC-2F56-4259-906D-84B851C31569}.Debug|x86.Build.0 = Debug|Any CPU
		{D6D3C0EC-2F56-4259-906D-84B851C31569}.Release|Any CPU.ActiveCfg = Release|Any CPU
		{D6D3C0EC-2F56-4259-906D-84B851C31569}.Release|Any CPU.Build.0 = Release|Any CPU
		{D6D3C0EC-2F56-4259-906D-84B851C31569}.Release|x86.ActiveCfg = Release|Any CPU
		{D6D3C0EC-2F56-4259-906D-84B851C31569}.Release|x86.Build.0 = Release|Any CPU
		{79831B96-98A0-4528-85AC-148594ABEE4F}.Debug|Any CPU.ActiveCfg = Debug|Any CPU
		{79831B96-98A0-4528-85AC-148594ABEE4F}.Debug|Any CPU.Build.0 = Debug|Any CPU
		{79831B96-98A0-4528-85AC-148594ABEE4F}.Debug|x86.ActiveCfg = Debug|Any CPU
		{79831B96-98A0-4528-85AC-148594ABEE4F}.Debug|x86.Build.0 = Debug|Any CPU
		{79831B96-98A0-4528-85AC-148594ABEE4F}.Release|Any CPU.ActiveCfg = Release|Any CPU
		{79831B96-98A0-4528-85AC-148594ABEE4F}.Release|Any CPU.Build.0 = Release|Any CPU
		{79831B96-98A0-4528-85AC-148594ABEE4F}.Release|x86.ActiveCfg = Release|Any CPU
		{79831B96-98A0-4528-85AC-148594ABEE4F}.Release|x86.Build.0 = Release|Any CPU
		{54436DAD-8A4C-4A1D-BD67-449CA0289A8B}.Debug|Any CPU.ActiveCfg = Debug|Any CPU
		{54436DAD-8A4C-4A1D-BD67-449CA0289A8B}.Debug|Any CPU.Build.0 = Debug|Any CPU
		{54436DAD-8A4C-4A1D-BD67-449CA0289A8B}.Debug|x86.ActiveCfg = Debug|Any CPU
		{54436DAD-8A4C-4A1D-BD67-449CA0289A8B}.Debug|x86.Build.0 = Debug|Any CPU
		{54436DAD-8A4C-4A1D-BD67-449CA0289A8B}.Release|Any CPU.ActiveCfg = Release|Any CPU
		{54436DAD-8A4C-4A1D-BD67-449CA0289A8B}.Release|Any CPU.Build.0 = Release|Any CPU
		{54436DAD-8A4C-4A1D-BD67-449CA0289A8B}.Release|x86.ActiveCfg = Release|Any CPU
		{54436DAD-8A4C-4A1D-BD67-449CA0289A8B}.Release|x86.Build.0 = Release|Any CPU
		{220F59ED-BA60-4495-A4FE-7816A672D22E}.Debug|Any CPU.ActiveCfg = Debug|Any CPU
		{220F59ED-BA60-4495-A4FE-7816A672D22E}.Debug|Any CPU.Build.0 = Debug|Any CPU
		{220F59ED-BA60-4495-A4FE-7816A672D22E}.Debug|x86.ActiveCfg = Debug|Any CPU
		{220F59ED-BA60-4495-A4FE-7816A672D22E}.Debug|x86.Build.0 = Debug|Any CPU
		{220F59ED-BA60-4495-A4FE-7816A672D22E}.Release|Any CPU.ActiveCfg = Release|Any CPU
		{220F59ED-BA60-4495-A4FE-7816A672D22E}.Release|Any CPU.Build.0 = Release|Any CPU
		{220F59ED-BA60-4495-A4FE-7816A672D22E}.Release|x86.ActiveCfg = Release|Any CPU
		{220F59ED-BA60-4495-A4FE-7816A672D22E}.Release|x86.Build.0 = Release|Any CPU
		{4D178371-4DF9-47DD-93C5-8B84486DEAA6}.Debug|Any CPU.ActiveCfg = Debug|Any CPU
		{4D178371-4DF9-47DD-93C5-8B84486DEAA6}.Debug|Any CPU.Build.0 = Debug|Any CPU
		{4D178371-4DF9-47DD-93C5-8B84486DEAA6}.Debug|x86.ActiveCfg = Debug|Any CPU
		{4D178371-4DF9-47DD-93C5-8B84486DEAA6}.Debug|x86.Build.0 = Debug|Any CPU
		{4D178371-4DF9-47DD-93C5-8B84486DEAA6}.Release|Any CPU.ActiveCfg = Release|Any CPU
		{4D178371-4DF9-47DD-93C5-8B84486DEAA6}.Release|Any CPU.Build.0 = Release|Any CPU
		{4D178371-4DF9-47DD-93C5-8B84486DEAA6}.Release|x86.ActiveCfg = Release|Any CPU
		{4D178371-4DF9-47DD-93C5-8B84486DEAA6}.Release|x86.Build.0 = Release|Any CPU
	EndGlobalSection
	GlobalSection(SolutionProperties) = preSolution
		HideSolutionNode = FALSE
	EndGlobalSection
	GlobalSection(ExtensibilityGlobals) = postSolution
		SolutionGuid = {B08A769A-32A6-48C2-8C5A-ABAFE16DD316}
	EndGlobalSection
EndGlobal
